
Microsoft Visual Studio Solution File, Format Version 12.00
# Visual Studio Version 17
VisualStudioVersion = 17.8.34316.72
MinimumVisualStudioVersion = 10.0.40219.1
Project("{FAE04EC0-301F-11D3-BF4B-00C04F79EFBC}") = "generator_wykresow", "generator_wykresow\generator_wykresow.csproj", "{EE3846A6-23B3-43A3-8558-6424B5B3DFC6}"
EndProject
Global
	GlobalSection(SolutionConfigurationPlatforms) = preSolution
		Debug|Any CPU = Debug|Any CPU
		Release|Any CPU = Release|Any CPU
	EndGlobalSection
	GlobalSection(ProjectConfigurationPlatforms) = postSolution
		{EE3846A6-23B3-43A3-8558-6424B5B3DFC6}.Debug|Any CPU.ActiveCfg = Debug|Any CPU
		{EE3846A6-23B3-43A3-8558-6424B5B3DFC6}.Debug|Any CPU.Build.0 = Debug|Any CPU
		{EE3846A6-23B3-43A3-8558-6424B5B3DFC6}.Release|Any CPU.ActiveCfg = Release|Any CPU
		{EE3846A6-23B3-43A3-8558-6424B5B3DFC6}.Release|Any CPU.Build.0 = Release|Any CPU
	EndGlobalSection
	GlobalSection(SolutionProperties) = preSolution
		HideSolutionNode = FALSE
	EndGlobalSection
	GlobalSection(ExtensibilityGlobals) = postSolution
		SolutionGuid = {F66C5473-8A78-4348-A22A-06E9D559F179}
	EndGlobalSection
EndGlobal
